
Microsoft Visual Studio Solution File, Format Version 12.00
# Visual Studio 15
VisualStudioVersion = 15.0.27428.2043
MinimumVisualStudioVersion = 10.0.40219.1
Project("{9A19103F-16F7-4668-BE54-9A1E7A4F7556}") = "ToDoList", "ToDoList\ToDoList.csproj", "{745A3626-736D-43DB-BD9B-E17D370D286B}"
EndProject
Project("{9A19103F-16F7-4668-BE54-9A1E7A4F7556}") = "UnitTests", "UnitTests\UnitTests.csproj", "{084D599D-42CE-40BE-AA83-650ACBFD4833}"
EndProject
Global
	GlobalSection(SolutionConfigurationPlatforms) = preSolution
		Debug|Any CPU = Debug|Any CPU
		Release|Any CPU = Release|Any CPU
	EndGlobalSection
	GlobalSection(ProjectConfigurationPlatforms) = postSolution
		{745A3626-736D-43DB-BD9B-E17D370D286B}.Debug|Any CPU.ActiveCfg = Debug|Any CPU
		{745A3626-736D-43DB-BD9B-E17D370D286B}.Debug|Any CPU.Build.0 = Debug|Any CPU
		{745A3626-736D-43DB-BD9B-E17D370D286B}.Release|Any CPU.ActiveCfg = Release|Any CPU
		{745A3626-736D-43DB-BD9B-E17D370D286B}.Release|Any CPU.Build.0 = Release|Any CPU
		{084D599D-42CE-40BE-AA83-650ACBFD4833}.Debug|Any CPU.ActiveCfg = Debug|Any CPU
		{084D599D-42CE-40BE-AA83-650ACBFD4833}.Debug|Any CPU.Build.0 = Debug|Any CPU
		{084D599D-42CE-40BE-AA83-650ACBFD4833}.Release|Any CPU.ActiveCfg = Release|Any CPU
		{084D599D-42CE-40BE-AA83-650ACBFD4833}.Release|Any CPU.Build.0 = Release|Any CPU
	EndGlobalSection
	GlobalSection(SolutionProperties) = preSolution
		HideSolutionNode = FALSE
	EndGlobalSection
	GlobalSection(ExtensibilityGlobals) = postSolution
		SolutionGuid = {39A93049-43E4-4167-8E9B-1ADF8B047D87}
	EndGlobalSection
EndGlobal
